// !$*UTF8*$!
{
	archiveVersion = 1;
	classes = {
	};
	objectVersion = 77;
	objects = {

/* Begin PBXContainerItemProxy section */
		C885977F2E635C720020DCD2 /* PBXContainerItemProxy */ = {
			isa = PBXContainerItemProxy;
			containerPortal = C88597442E635C6F0020DCD2 /* Project object */;
			proxyType = 1;
			remoteGlobalIDString = C885976E2E635C710020DCD2;
			remoteInfo = "PitchPipe Watch App";
		};
		C88597892E635C720020DCD2 /* PBXContainerItemProxy */ = {
			isa = PBXContainerItemProxy;
			containerPortal = C88597442E635C6F0020DCD2 /* Project object */;
			proxyType = 1;
			remoteGlobalIDString = C885976E2E635C710020DCD2;
			remoteInfo = "PitchPipe Watch App";
		};
/* End PBXContainerItemProxy section */

/* Begin PBXFileReference section */
		C885976F2E635C710020DCD2 /* PitchPipe Watch App.app */ = {isa = PBXFileReference; explicitFileType = wrapper.application; includeInIndex = 0; path = "PitchPipe Watch App.app"; sourceTree = BUILT_PRODUCTS_DIR; };
		C885977E2E635C720020DCD2 /* PitchPipe Watch AppTests.xctest */ = {isa = PBXFileReference; explicitFileType = wrapper.cfbundle; includeInIndex = 0; path = "PitchPipe Watch AppTests.xctest"; sourceTree = BUILT_PRODUCTS_DIR; };
		C88597882E635C720020DCD2 /* PitchPipe Watch AppUITests.xctest */ = {isa = PBXFileReference; explicitFileType = wrapper.cfbundle; includeInIndex = 0; path = "PitchPipe Watch AppUITests.xctest"; sourceTree = BUILT_PRODUCTS_DIR; };
/* End PBXFileReference section */

/* Begin PBXFileSystemSynchronizedRootGroup section */
		C88597732E635C710020DCD2 /* PitchPipe Watch App */ = {
			isa = PBXFileSystemSynchronizedRootGroup;
			path = "PitchPipe Watch App";
			sourceTree = "<group>";
		};
		C88597812E635C720020DCD2 /* PitchPipe Watch AppTests */ = {
			isa = PBXFileSystemSynchronizedRootGroup;
			path = "PitchPipe Watch AppTests";
			sourceTree = "<group>";
		};
		C885978B2E635C720020DCD2 /* PitchPipe Watch AppUITests */ = {
			isa = PBXFileSystemSynchronizedRootGroup;
			path = "PitchPipe Watch AppUITests";
			sourceTree = "<group>";
		};
/* End PBXFileSystemSynchronizedRootGroup section */

/* Begin PBXFrameworksBuildPhase section */
		C885976C2E635C710020DCD2 /* Frameworks */ = {
			isa = PBXFrameworksBuildPhase;
			buildActionMask = 2147483647;
			files = (
			);
			runOnlyForDeploymentPostprocessing = 0;
		};
		C885977B2E635C720020DCD2 /* Frameworks */ = {
			isa = PBXFrameworksBuildPhase;
			buildActionMask = 2147483647;
			files = (
			);
			runOnlyForDeploymentPostprocessing = 0;
		};
		C88597852E635C720020DCD2 /* Frameworks */ = {
			isa = PBXFrameworksBuildPhase;
			buildActionMask = 2147483647;
			files = (
			);
			runOnlyForDeploymentPostprocessing = 0;
		};
/* End PBXFrameworksBuildPhase section */

/* Begin PBXGroup section */
		C88597432E635C6F0020DCD2 = {
			isa = PBXGroup;
			children = (
				C88597732E635C710020DCD2 /* PitchPipe Watch App */,
				C88597812E635C720020DCD2 /* PitchPipe Watch AppTests */,
				C885978B2E635C720020DCD2 /* PitchPipe Watch AppUITests */,
				C885974D2E635C700020DCD2 /* Products */,
			);
			sourceTree = "<group>";
		};
		C885974D2E635C700020DCD2 /* Products */ = {
			isa = PBXGroup;
			children = (
				C885976F2E635C710020DCD2 /* PitchPipe Watch App.app */,
				C885977E2E635C720020DCD2 /* PitchPipe Watch AppTests.xctest */,
				C88597882E635C720020DCD2 /* PitchPipe Watch AppUITests.xctest */,
			);
			name = Products;
			sourceTree = "<group>";
		};
/* End PBXGroup section */

/* Begin PBXNativeTarget section */
		C885976E2E635C710020DCD2 /* PitchPipe Watch App */ = {
			isa = PBXNativeTarget;
			buildConfigurationList = C88597922E635C720020DCD2 /* Build configuration list for PBXNativeTarget "PitchPipe Watch App" */;
			buildPhases = (
				C885976B2E635C710020DCD2 /* Sources */,
				C885976C2E635C710020DCD2 /* Frameworks */,
				C885976D2E635C710020DCD2 /* Resources */,
			);
			buildRules = (
			);
			dependencies = (
			);
			fileSystemSynchronizedGroups = (
				C88597732E635C710020DCD2 /* PitchPipe Watch App */,
			);
			name = "PitchPipe Watch App";
			packageProductDependencies = (
			);
			productName = "PitchPipe Watch App";
			productReference = C885976F2E635C710020DCD2 /* PitchPipe Watch App.app */;
			productType = "com.apple.product-type.application";
		};
		C885977D2E635C720020DCD2 /* PitchPipe Watch AppTests */ = {
			isa = PBXNativeTarget;
			buildConfigurationList = C885979F2E635C720020DCD2 /* Build configuration list for PBXNativeTarget "PitchPipe Watch AppTests" */;
			buildPhases = (
				C885977A2E635C720020DCD2 /* Sources */,
				C885977B2E635C720020DCD2 /* Frameworks */,
				C885977C2E635C720020DCD2 /* Resources */,
			);
			buildRules = (
			);
			dependencies = (
				C88597802E635C720020DCD2 /* PBXTargetDependency */,
			);
			fileSystemSynchronizedGroups = (
				C88597812E635C720020DCD2 /* PitchPipe Watch AppTests */,
			);
			name = "PitchPipe Watch AppTests";
			packageProductDependencies = (
			);
			productName = "PitchPipe Watch AppTests";
			productReference = C885977E2E635C720020DCD2 /* PitchPipe Watch AppTests.xctest */;
			productType = "com.apple.product-type.bundle.unit-test";
		};
		C88597872E635C720020DCD2 /* PitchPipe Watch AppUITests */ = {
			isa = PBXNativeTarget;
			buildConfigurationList = C88597A22E635C720020DCD2 /* Build configuration list for PBXNativeTarget "PitchPipe Watch AppUITests" */;
			buildPhases = (
				C88597842E635C720020DCD2 /* Sources */,
				C88597852E635C720020DCD2 /* Frameworks */,
				C88597862E635C720020DCD2 /* Resources */,
			);
			buildRules = (
			);
			dependencies = (
				C885978A2E635C720020DCD2 /* PBXTargetDependency */,
			);
			fileSystemSynchronizedGroups = (
				C885978B2E635C720020DCD2 /* PitchPipe Watch AppUITests */,
			);
			name = "PitchPipe Watch AppUITests";
			packageProductDependencies = (
			);
			productName = "PitchPipe Watch AppUITests";
			productReference = C88597882E635C720020DCD2 /* PitchPipe Watch AppUITests.xctest */;
			productType = "com.apple.product-type.bundle.ui-testing";
		};
/* End PBXNativeTarget section */

/* Begin PBXProject section */
		C88597442E635C6F0020DCD2 /* Project object */ = {
			isa = PBXProject;
			attributes = {
				BuildIndependentTargetsInParallel = 1;
				LastSwiftUpdateCheck = 1640;
				LastUpgradeCheck = 1640;
				TargetAttributes = {
					C885976E2E635C710020DCD2 = {
						CreatedOnToolsVersion = 16.4;
					};
					C885977D2E635C720020DCD2 = {
						CreatedOnToolsVersion = 16.4;
						TestTargetID = C885976E2E635C710020DCD2;
					};
					C88597872E635C720020DCD2 = {
						CreatedOnToolsVersion = 16.4;
						TestTargetID = C885976E2E635C710020DCD2;
					};
				};
			};
			buildConfigurationList = C88597472E635C6F0020DCD2 /* Build configuration list for PBXProject "PitchPipe" */;
			developmentRegion = en;
			hasScannedForEncodings = 0;
			knownRegions = (
				en,
				Base,
			);
			mainGroup = C88597432E635C6F0020DCD2;
			minimizedProjectReferenceProxies = 1;
			preferredProjectObjectVersion = 77;
			productRefGroup = C885974D2E635C700020DCD2 /* Products */;
			projectDirPath = "";
			projectRoot = "";
			targets = (
				C885976E2E635C710020DCD2 /* PitchPipe Watch App */,
				C885977D2E635C720020DCD2 /* PitchPipe Watch AppTests */,
				C88597872E635C720020DCD2 /* PitchPipe Watch AppUITests */,
			);
		};
/* End PBXProject section */

/* Begin PBXResourcesBuildPhase section */
		C885976D2E635C710020DCD2 /* Resources */ = {
			isa = PBXResourcesBuildPhase;
			buildActionMask = 2147483647;
			files = (
			);
			runOnlyForDeploymentPostprocessing = 0;
		};
		C885977C2E635C720020DCD2 /* Resources */ = {
			isa = PBXResourcesBuildPhase;
			buildActionMask = 2147483647;
			files = (
			);
			runOnlyForDeploymentPostprocessing = 0;
		};
		C88597862E635C720020DCD2 /* Resources */ = {
			isa = PBXResourcesBuildPhase;
			buildActionMask = 2147483647;
			files = (
			);
			runOnlyForDeploymentPostprocessing = 0;
		};
/* End PBXResourcesBuildPhase section */

/* Begin PBXSourcesBuildPhase section */
		C885976B2E635C710020DCD2 /* Sources */ = {
			isa = PBXSourcesBuildPhase;
			buildActionMask = 2147483647;
			files = (
			);
			runOnlyForDeploymentPostprocessing = 0;
		};
		C885977A2E635C720020DCD2 /* Sources */ = {
			isa = PBXSourcesBuildPhase;
			buildActionMask = 2147483647;
			files = (
			);
			runOnlyForDeploymentPostprocessing = 0;
		};
		C88597842E635C720020DCD2 /* Sources */ = {
			isa = PBXSourcesBuildPhase;
			buildActionMask = 2147483647;
			files = (
			);
			runOnlyForDeploymentPostprocessing = 0;
		};
/* End PBXSourcesBuildPhase section */

/* Begin PBXTargetDependency section */
		C88597802E635C720020DCD2 /* PBXTargetDependency */ = {
			isa = PBXTargetDependency;
			target = C885976E2E635C710020DCD2 /* PitchPipe Watch App */;
			targetProxy = C885977F2E635C720020DCD2 /* PBXContainerItemProxy */;
		};
		C885978A2E635C720020DCD2 /* PBXTargetDependency */ = {
			isa = PBXTargetDependency;
			target = C885976E2E635C710020DCD2 /* PitchPipe Watch App */;
			targetProxy = C88597892E635C720020DCD2 /* PBXContainerItemProxy */;
		};
/* End PBXTargetDependency section */

/* Begin XCBuildConfiguration section */
		C88597902E635C720020DCD2 /* Debug */ = {
			isa = XCBuildConfiguration;
			buildSettings = {
				ALWAYS_SEARCH_USER_PATHS = NO;
				ASSETCATALOG_COMPILER_GENERATE_SWIFT_ASSET_SYMBOL_EXTENSIONS = YES;
				CLANG_ANALYZER_NONNULL = YES;
				CLANG_ANALYZER_NUMBER_OBJECT_CONVERSION = YES_AGGRESSIVE;
				CLANG_CXX_LANGUAGE_STANDARD = "gnu++20";
				CLANG_ENABLE_MODULES = YES;
				CLANG_ENABLE_OBJC_ARC = YES;
				CLANG_ENABLE_OBJC_WEAK = YES;
				CLANG_WARN_BLOCK_CAPTURE_AUTORELEASING = YES;
				CLANG_WARN_BOOL_CONVERSION = YES;
				CLANG_WARN_COMMA = YES;
				CLANG_WARN_CONSTANT_CONVERSION = YES;
				CLANG_WARN_DEPRECATED_OBJC_IMPLEMENTATIONS = YES;
				CLANG_WARN_DIRECT_OBJC_ISA_USAGE = YES_ERROR;
				CLANG_WARN_DOCUMENTATION_COMMENTS = YES;
				CLANG_WARN_EMPTY_BODY = YES;
				CLANG_WARN_ENUM_CONVERSION = YES;
				CLANG_WARN_INFINITE_RECURSION = YES;
				CLANG_WARN_INT_CONVERSION = YES;
				CLANG_WARN_NON_LITERAL_NULL_CONVERSION = YES;
				CLANG_WARN_OBJC_IMPLICIT_RETAIN_SELF = YES;
				CLANG_WARN_OBJC_LITERAL_CONVERSION = YES;
				CLANG_WARN_OBJC_ROOT_CLASS = YES_ERROR;
				CLANG_WARN_QUOTED_INCLUDE_IN_FRAMEWORK_HEADER = YES;
				CLANG_WARN_RANGE_LOOP_ANALYSIS = YES;
				CLANG_WARN_STRICT_PROTOTYPES = YES;
				CLANG_WARN_SUSPICIOUS_MOVE = YES;
				CLANG_WARN_UNGUARDED_AVAILABILITY = YES_AGGRESSIVE;
				CLANG_WARN_UNREACHABLE_CODE = YES;
				CLANG_WARN__DUPLICATE_METHOD_MATCH = YES;
				COPY_PHASE_STRIP = NO;
				DEBUG_INFORMATION_FORMAT = dwarf;
				DEVELOPMENT_TEAM = 5A3NSS82K5;
				ENABLE_STRICT_OBJC_MSGSEND = YES;
				ENABLE_TESTABILITY = YES;
				ENABLE_USER_SCRIPT_SANDBOXING = YES;
				GCC_C_LANGUAGE_STANDARD = gnu17;
				GCC_DYNAMIC_NO_PIC = NO;
				GCC_NO_COMMON_BLOCKS = YES;
				GCC_OPTIMIZATION_LEVEL = 0;
				GCC_PREPROCESSOR_DEFINITIONS = (
					"DEBUG=1",
					"$(inherited)",
				);
				GCC_WARN_64_TO_32_BIT_CONVERSION = YES;
				GCC_WARN_ABOUT_RETURN_TYPE = YES_ERROR;
				GCC_WARN_UNDECLARED_SELECTOR = YES;
				GCC_WARN_UNINITIALIZED_AUTOS = YES_AGGRESSIVE;
				GCC_WARN_UNUSED_FUNCTION = YES;
				GCC_WARN_UNUSED_VARIABLE = YES;
				LOCALIZATION_PREFERS_STRING_CATALOGS = YES;
				MTL_ENABLE_DEBUG_INFO = INCLUDE_SOURCE;
				MTL_FAST_MATH = YES;
				ONLY_ACTIVE_ARCH = YES;
				SDKROOT = watchos;
				SWIFT_ACTIVE_COMPILATION_CONDITIONS = "DEBUG $(inherited)";
				SWIFT_OPTIMIZATION_LEVEL = "-Onone";
			};
			name = Debug;
		};
		C88597912E635C720020DCD2 /* Release */ = {
			isa = XCBuildConfiguration;
			buildSettings = {
				ALWAYS_SEARCH_USER_PATHS = NO;
				ASSETCATALOG_COMPILER_GENERATE_SWIFT_ASSET_SYMBOL_EXTENSIONS = YES;
				CLANG_ANALYZER_NONNULL = YES;
				CLANG_ANALYZER_NUMBER_OBJECT_CONVERSION = YES_AGGRESSIVE;
				CLANG_CXX_LANGUAGE_STANDARD = "gnu++20";
				CLANG_ENABLE_MODULES = YES;
				CLANG_ENABLE_OBJC_ARC = YES;
				CLANG_ENABLE_OBJC_WEAK = YES;
				CLANG_WARN_BLOCK_CAPTURE_AUTORELEASING = YES;
				CLANG_WARN_BOOL_CONVERSION = YES;
				CLANG_WARN_COMMA = YES;
				CLANG_WARN_CONSTANT_CONVERSION = YES;
				CLANG_WARN_DEPRECATED_OBJC_IMPLEMENTATIONS = YES;
				CLANG_WARN_DIRECT_OBJC_ISA_USAGE = YES_ERROR;
				CLANG_WARN_DOCUMENTATION_COMMENTS = YES;
				CLANG_WARN_EMPTY_BODY = YES;
				CLANG_WARN_ENUM_CONVERSION = YES;
				CLANG_WARN_INFINITE_RECURSION = YES;
				CLANG_WARN_INT_CONVERSION = YES;
				CLANG_WARN_NON_LITERAL_NULL_CONVERSION = YES;
				CLANG_WARN_OBJC_IMPLICIT_RETAIN_SELF = YES;
				CLANG_WARN_OBJC_LITERAL_CONVERSION = YES;
				CLANG_WARN_OBJC_ROOT_CLASS = YES_ERROR;
				CLANG_WARN_QUOTED_INCLUDE_IN_FRAMEWORK_HEADER = YES;
				CLANG_WARN_RANGE_LOOP_ANALYSIS = YES;
				CLANG_WARN_STRICT_PROTOTYPES = YES;
				CLANG_WARN_SUSPICIOUS_MOVE = YES;
				CLANG_WARN_UNGUARDED_AVAILABILITY = YES_AGGRESSIVE;
				CLANG_WARN_UNREACHABLE_CODE = YES;
				CLANG_WARN__DUPLICATE_METHOD_MATCH = YES;
				COPY_PHASE_STRIP = NO;
				DEBUG_INFORMATION_FORMAT = "dwarf-with-dsym";
				DEVELOPMENT_TEAM = 5A3NSS82K5;
				ENABLE_NS_ASSERTIONS = NO;
				ENABLE_STRICT_OBJC_MSGSEND = YES;
				ENABLE_USER_SCRIPT_SANDBOXING = YES;
				GCC_C_LANGUAGE_STANDARD = gnu17;
				GCC_NO_COMMON_BLOCKS = YES;
				GCC_WARN_64_TO_32_BIT_CONVERSION = YES;
				GCC_WARN_ABOUT_RETURN_TYPE = YES_ERROR;
				GCC_WARN_UNDECLARED_SELECTOR = YES;
				GCC_WARN_UNINITIALIZED_AUTOS = YES_AGGRESSIVE;
				GCC_WARN_UNUSED_FUNCTION = YES;
				GCC_WARN_UNUSED_VARIABLE = YES;
				LOCALIZATION_PREFERS_STRING_CATALOGS = YES;
				MTL_ENABLE_DEBUG_INFO = NO;
				MTL_FAST_MATH = YES;
				SDKROOT = watchos;
				SWIFT_COMPILATION_MODE = wholemodule;
			};
			name = Release;
		};
		C88597932E635C720020DCD2 /* Debug */ = {
			isa = XCBuildConfiguration;
			buildSettings = {
				ASSETCATALOG_COMPILER_APPICON_NAME = AppIcon;
				ASSETCATALOG_COMPILER_GLOBAL_ACCENT_COLOR_NAME = AccentColor;
				CODE_SIGN_STYLE = Automatic;
				CURRENT_PROJECT_VERSION = 1;
				DEVELOPMENT_TEAM = 5A3NSS82K5;
				ENABLE_PREVIEWS = YES;
				GENERATE_INFOPLIST_FILE = YES;
				INFOPLIST_KEY_CFBundleDisplayName = PitchPipe;
				INFOPLIST_KEY_UISupportedInterfaceOrientations = "UIInterfaceOrientationPortrait UIInterfaceOrientationPortraitUpsideDown";
				INFOPLIST_KEY_WKCompanionAppBundleIdentifier = com.jodypaul.PitchPipe;
				INFOPLIST_KEY_WKRunsIndependentlyOfCompanionApp = YES;
				LD_RUNPATH_SEARCH_PATHS = (
					"$(inherited)",
					"@executable_path/Frameworks",
				);
				MARKETING_VERSION = 1.0;
				PRODUCT_BUNDLE_IDENTIFIER = com.jodypaul.PitchPipe.watchkitapp;
				PRODUCT_NAME = "$(TARGET_NAME)";
				SDKROOT = watchos;
				SKIP_INSTALL = YES;
				SWIFT_EMIT_LOC_STRINGS = YES;
				SWIFT_VERSION = 5.0;
				TARGETED_DEVICE_FAMILY = 4;
				WATCHOS_DEPLOYMENT_TARGET = 8.7;
			};
			name = Debug;
		};
		C88597942E635C720020DCD2 /* Release */ = {
			isa = XCBuildConfiguration;
			buildSettings = {
				ASSETCATALOG_COMPILER_APPICON_NAME = AppIcon;
				ASSETCATALOG_COMPILER_GLOBAL_ACCENT_COLOR_NAME = AccentColor;
				CODE_SIGN_STYLE = Automatic;
				CURRENT_PROJECT_VERSION = 1;
				DEVELOPMENT_TEAM = 5A3NSS82K5;
				ENABLE_PREVIEWS = YES;
				GENERATE_INFOPLIST_FILE = YES;
				INFOPLIST_KEY_CFBundleDisplayName = PitchPipe;
				INFOPLIST_KEY_UISupportedInterfaceOrientations = "UIInterfaceOrientationPortrait UIInterfaceOrientationPortraitUpsideDown";
				INFOPLIST_KEY_WKCompanionAppBundleIdentifier = com.jodypaul.PitchPipe;
				INFOPLIST_KEY_WKRunsIndependentlyOfCompanionApp = YES;
				LD_RUNPATH_SEARCH_PATHS = (
					"$(inherited)",
					"@executable_path/Frameworks",
				);
				MARKETING_VERSION = 1.0;
				PRODUCT_BUNDLE_IDENTIFIER = com.jodypaul.PitchPipe.watchkitapp;
				PRODUCT_NAME = "$(TARGET_NAME)";
				SDKROOT = watchos;
				SKIP_INSTALL = YES;
				SWIFT_EMIT_LOC_STRINGS = YES;
				SWIFT_VERSION = 5.0;
				TARGETED_DEVICE_FAMILY = 4;
				VALIDATE_PRODUCT = YES;
				WATCHOS_DEPLOYMENT_TARGET = 8.7;
			};
			name = Release;
		};
		C88597A02E635C720020DCD2 /* Debug */ = {
			isa = XCBuildConfiguration;
			buildSettings = {
				BUNDLE_LOADER = "$(TEST_HOST)";
				CODE_SIGN_STYLE = Automatic;
				CURRENT_PROJECT_VERSION = 1;
				DEVELOPMENT_TEAM = 5A3NSS82K5;
				GENERATE_INFOPLIST_FILE = YES;
				MARKETING_VERSION = 1.0;
				PRODUCT_BUNDLE_IDENTIFIER = "com.jodypaul..PitchPipe-Watch-AppTests";
				PRODUCT_NAME = "$(TARGET_NAME)";
				SDKROOT = watchos;
				SWIFT_EMIT_LOC_STRINGS = NO;
				SWIFT_VERSION = 5.0;
				TARGETED_DEVICE_FAMILY = 4;
				TEST_HOST = "$(BUILT_PRODUCTS_DIR)/PitchPipe Watch App.app/$(BUNDLE_EXECUTABLE_FOLDER_PATH)/PitchPipe Watch App";
				WATCHOS_DEPLOYMENT_TARGET = 11.5;
			};
			name = Debug;
		};
		C88597A12E635C720020DCD2 /* Release */ = {
			isa = XCBuildConfiguration;
			buildSettings = {
				BUNDLE_LOADER = "$(TEST_HOST)";
				CODE_SIGN_STYLE = Automatic;
				CURRENT_PROJECT_VERSION = 1;
				DEVELOPMENT_TEAM = 5A3NSS82K5;
				GENERATE_INFOPLIST_FILE = YES;
				MARKETING_VERSION = 1.0;
				PRODUCT_BUNDLE_IDENTIFIER = "com.jodypaul..PitchPipe-Watch-AppTests";
				PRODUCT_NAME = "$(TARGET_NAME)";
				SDKROOT = watchos;
				SWIFT_EMIT_LOC_STRINGS = NO;
				SWIFT_VERSION = 5.0;
				TARGETED_DEVICE_FAMILY = 4;
				TEST_HOST = "$(BUILT_PRODUCTS_DIR)/PitchPipe Watch App.app/$(BUNDLE_EXECUTABLE_FOLDER_PATH)/PitchPipe Watch App";
				VALIDATE_PRODUCT = YES;
				WATCHOS_DEPLOYMENT_TARGET = 11.5;
			};
			name = Release;
		};
		C88597A32E635C720020DCD2 /* Debug */ = {
			isa = XCBuildConfiguration;
			buildSettings = {
				CODE_SIGN_STYLE = Automatic;
				CURRENT_PROJECT_VERSION = 1;
				DEVELOPMENT_TEAM = 5A3NSS82K5;
				GENERATE_INFOPLIST_FILE = YES;
				MARKETING_VERSION = 1.0;
				PRODUCT_BUNDLE_IDENTIFIER = "com.jodypaul..PitchPipe-Watch-AppUITests";
				PRODUCT_NAME = "$(TARGET_NAME)";
				SDKROOT = watchos;
				SWIFT_EMIT_LOC_STRINGS = NO;
				SWIFT_VERSION = 5.0;
				TARGETED_DEVICE_FAMILY = 4;
				TEST_TARGET_NAME = "PitchPipe Watch App";
				WATCHOS_DEPLOYMENT_TARGET = 11.5;
			};
			name = Debug;
		};
		C88597A42E635C720020DCD2 /* Release */ = {
			isa = XCBuildConfiguration;
			buildSettings = {
				CODE_SIGN_STYLE = Automatic;
				CURRENT_PROJECT_VERSION = 1;
				DEVELOPMENT_TEAM = 5A3NSS82K5;
				GENERATE_INFOPLIST_FILE = YES;
				MARKETING_VERSION = 1.0;
				PRODUCT_BUNDLE_IDENTIFIER = "com.jodypaul..PitchPipe-Watch-AppUITests";
				PRODUCT_NAME = "$(TARGET_NAME)";
				SDKROOT = watchos;
				SWIFT_EMIT_LOC_STRINGS = NO;
				SWIFT_VERSION = 5.0;
				TARGETED_DEVICE_FAMILY = 4;
				TEST_TARGET_NAME = "PitchPipe Watch App";
				VALIDATE_PRODUCT = YES;
				WATCHOS_DEPLOYMENT_TARGET = 11.5;
			};
			name = Release;
		};
/* End XCBuildConfiguration section */

/* Begin XCConfigurationList section */
		C88597472E635C6F0020DCD2 /* Build configuration list for PBXProject "PitchPipe" */ = {
			isa = XCConfigurationList;
			buildConfigurations = (
				C88597902E635C720020DCD2 /* Debug */,
				C88597912E635C720020DCD2 /* Release */,
			);
			defaultConfigurationIsVisible = 0;
			defaultConfigurationName = Release;
		};
		C88597922E635C720020DCD2 /* Build configuration list for PBXNativeTarget "PitchPipe Watch App" */ = {
			isa = XCConfigurationList;
			buildConfigurations = (
				C88597932E635C720020DCD2 /* Debug */,
				C88597942E635C720020DCD2 /* Release */,
			);
			defaultConfigurationIsVisible = 0;
			defaultConfigurationName = Release;
		};
		C885979F2E635C720020DCD2 /* Build configuration list for PBXNativeTarget "PitchPipe Watch AppTests" */ = {
			isa = XCConfigurationList;
			buildConfigurations = (
				C88597A02E635C720020DCD2 /* Debug */,
				C88597A12E635C720020DCD2 /* Release */,
			);
			defaultConfigurationIsVisible = 0;
			defaultConfigurationName = Release;
		};
		C88597A22E635C720020DCD2 /* Build configuration list for PBXNativeTarget "PitchPipe Watch AppUITests" */ = {
			isa = XCConfigurationList;
			buildConfigurations = (
				C88597A32E635C720020DCD2 /* Debug */,
				C88597A42E635C720020DCD2 /* Release */,
			);
			defaultConfigurationIsVisible = 0;
			defaultConfigurationName = Release;
		};
/* End XCConfigurationList section */
	};
	rootObject = C88597442E635C6F0020DCD2 /* Project object */;
}
